schema: '2.0'
stages:
  download_dataset:
    cmd: python stages/download_data.py
    deps:
    - path: config/config.yaml
      hash: md5
      md5: da9e8b714b8598ed8a593c43dd34121e
      size: 64
    - path: config/dataset/dataset_2024.yaml
      hash: md5
      md5: b2d31c67faa7416c728aed36b2e30aa1
      size: 163
    outs:
    - path: dataset/2024/yellow_tripdata_2024_new_t.parquet
      hash: md5
      md5: 997cd7f3d14c625a28609d9c443da0f8
      size: 50349284
