schema: '2.0'
stages:
  download_dataset:
    cmd: python stages/download_data.py
    deps:
    - path: config/config.yaml
      hash: md5
      md5: a32297e22cd65ea96af5ce4dff564112
      size: 87
    - path: config/dataset/dataset_2024.yaml
      hash: md5
      md5: 9bc93a5ed144a58061fde040c6935852
      size: 191
    outs:
    - path: dataset/2024/yellow_tripdata_2024_new_t.parquet
      hash: md5
      md5: 997cd7f3d14c625a28609d9c443da0f8
      size: 50349284
  run_pipeline:
    cmd: python stages/main.py
    deps:
    - path: config/modelling
      hash: md5
      md5: 53852b9097dfa47af3bb664f089338b4.dir
      size: 1473
      nfiles: 10
    - path: stages/pipeline.py
      hash: md5
      md5: b9999e5c1484537c701ef119290a6905
      size: 839
    outs:
    - path: pipelines/pipeline_v2_rf.pkl
      hash: md5
      md5: a66afaf6f0a47c7b2a7f03532886c549
      size: 144023
